
Microsoft Visual Studio Solution File, Format Version 12.00
# Visual Studio 14
VisualStudioVersion = 14.0.25420.1
MinimumVisualStudioVersion = 10.0.40219.1
Project("{2150E333-8FDC-42A3-9474-1A3956D46DE8}") = "1. CQS", "1. CQS", "{B7C88F3B-F9B8-4F7D-8637-20CB21403083}"
EndProject
Project("{FAE04EC0-301F-11D3-BF4B-00C04F79EFBC}") = "CQS", "src\CQS\CQS.csproj", "{54695C18-04D9-41BD-9437-655A7F1CEC78}"
EndProject
Project("{2150E333-8FDC-42A3-9474-1A3956D46DE8}") = "2. GRASP", "2. GRASP", "{8FD0FE2D-09B9-4E6E-A8FA-9CF7165CF42F}"
EndProject
Project("{FAE04EC0-301F-11D3-BF4B-00C04F79EFBC}") = "Expert", "src\Expert\Expert.csproj", "{C4A5788E-FC1F-4DB6-A6DA-3DF72CEE1715}"
EndProject
Project("{FAE04EC0-301F-11D3-BF4B-00C04F79EFBC}") = "Creator", "src\Grasp\Creator\Creator.csproj", "{529ECA44-A078-434E-BB2D-EBD8DF8C4038}"
EndProject
Project("{FAE04EC0-301F-11D3-BF4B-00C04F79EFBC}") = "LowCoupling", "src\Grasp\LowCoupling\LowCoupling.csproj", "{D20F69BD-5C87-468A-A145-C92FDC50F82F}"
EndProject
Project("{FAE04EC0-301F-11D3-BF4B-00C04F79EFBC}") = "HighCohesion", "src\Grasp\HighCohesion\HighCohesion.csproj", "{105116EE-5F0C-405A-8910-0217A422CED0}"
EndProject
Project("{2150E333-8FDC-42A3-9474-1A3956D46DE8}") = "3-SOLID", "3-SOLID", "{F6583350-20FF-4958-A9BF-A61D831BEBB0}"
EndProject
Project("{FAE04EC0-301F-11D3-BF4B-00C04F79EFBC}") = "OCP", "src\SOLID\OCP\OCP.csproj", "{A364C89A-3348-4379-B359-DA5138AB9C81}"
EndProject
Project("{FAE04EC0-301F-11D3-BF4B-00C04F79EFBC}") = "LSP", "src\SOLID\LSP\LSP.csproj", "{36AA4FE9-2A3E-4B77-9081-760DB8E8E40C}"
EndProject
Project("{FAE04EC0-301F-11D3-BF4B-00C04F79EFBC}") = "ISP", "src\SOLID\ISP\ISP.csproj", "{0A5D1834-4D78-4B10-9376-0EA573361B09}"
EndProject
Project("{FAE04EC0-301F-11D3-BF4B-00C04F79EFBC}") = "DIP", "DIP\DIP.csproj", "{F1047EE9-81B1-4C23-8C32-A6A7B2F76DF9}"
EndProject
Project("{FAE04EC0-301F-11D3-BF4B-00C04F79EFBC}") = "SRP", "src\SOLID\SRP\SRP.csproj", "{545D5B71-3373-40A2-A778-7F09E7487336}"
EndProject
Project("{2150E333-8FDC-42A3-9474-1A3956D46DE8}") = "4. Gof", "4. Gof", "{9CA1FA5B-131C-479E-9C21-C093D8002BF0}"
EndProject
Project("{2150E333-8FDC-42A3-9474-1A3956D46DE8}") = "4.1 Criacionais", "4.1 Criacionais", "{15B38B89-4919-4F01-B037-AF6895FB606D}"
EndProject
Project("{FAE04EC0-301F-11D3-BF4B-00C04F79EFBC}") = "Singleton", "src\Gof\Criacionais\Singleton\Singleton.csproj", "{768D8098-D494-45C7-ADFD-5A5400FD3655}"
EndProject
Project("{FAE04EC0-301F-11D3-BF4B-00C04F79EFBC}") = "FactoryMethod", "src\Gof\Criacionais\FactoryMethod\FactoryMethod.csproj", "{F35C1F4F-2BCF-408F-A9AA-1853B9819D3B}"
EndProject
Project("{FAE04EC0-301F-11D3-BF4B-00C04F79EFBC}") = "AbstractFactory", "src\Gof\Criacionais\AbstractFactory\AbstractFactory.csproj", "{0BB4859B-0447-42C9-89E1-46563C07A4C5}"
EndProject
Project("{FAE04EC0-301F-11D3-BF4B-00C04F79EFBC}") = "ReflectionFactory", "src\Gof\Criacionais\ReflectionFactory\ReflectionFactory.csproj", "{71F24B3F-C690-4C70-A9B6-8ABBAAED40EE}"
EndProject
Project("{FAE04EC0-301F-11D3-BF4B-00C04F79EFBC}") = "Builder", "src\Gof\Criacionais\Builder\Builder.csproj", "{960F6459-B8B6-4BDF-A4C0-20448BE24CF6}"
EndProject
Project("{2150E333-8FDC-42A3-9474-1A3956D46DE8}") = "4.2 Estruturais", "4.2 Estruturais", "{9F9148B5-2205-4EC9-B30B-98FF8FCB334D}"
EndProject
Project("{FAE04EC0-301F-11D3-BF4B-00C04F79EFBC}") = "Adapter", "src\Gof\Estruturais\Adapter\Adapter.csproj", "{FA8BAA34-6029-47F6-9E8D-CD2AF87D8185}"
EndProject
Project("{FAE04EC0-301F-11D3-BF4B-00C04F79EFBC}") = "Bridge", "src\Gof\Estruturais\Bridge\Bridge.csproj", "{4BFC70C1-A976-41A7-9496-0C136152D2F5}"
EndProject
Project("{FAE04EC0-301F-11D3-BF4B-00C04F79EFBC}") = "Decorator", "src\Gof\Estruturais\Decorator\Decorator.csproj", "{5F0E142B-1D49-43FF-868A-8F5929B266D8}"
EndProject
Project("{FAE04EC0-301F-11D3-BF4B-00C04F79EFBC}") = "Composite", "src\Gof\Estruturais\Composite\Composite.csproj", "{BF81F722-4318-4825-8E51-A82A8A18A305}"
EndProject
Project("{2150E333-8FDC-42A3-9474-1A3956D46DE8}") = "4.3 Comportamentais", "4.3 Comportamentais", "{A171FC24-DD12-4B35-94ED-376EC93C7BE7}"
EndProject
Project("{FAE04EC0-301F-11D3-BF4B-00C04F79EFBC}") = "Observer", "src\Gof\Comportamentais\Observer\Observer.csproj", "{3A74B31C-CDF1-45C7-ACED-D2FB0CA8E259}"
EndProject
Project("{FAE04EC0-301F-11D3-BF4B-00C04F79EFBC}") = "DomainEvents", "src\Gof\Comportamentais\DomainEvents\DomainEvents.csproj", "{948F6469-F6B7-41EA-B43B-262DA2971A0D}"
EndProject
Project("{FAE04EC0-301F-11D3-BF4B-00C04F79EFBC}") = "TemplateMethod", "src\Gof\Comportamentais\TemplateMethod\TemplateMethod.csproj", "{870B8734-FA1F-4F4C-9861-803EBFB7777C}"
EndProject
Project("{FAE04EC0-301F-11D3-BF4B-00C04F79EFBC}") = "Flyweight", "src\Gof\Comportamentais\Flyweight\Flyweight.csproj", "{DC2C1052-93E5-4988-A0E8-ABA3DECC7420}"
EndProject
Project("{2150E333-8FDC-42A3-9474-1A3956D46DE8}") = "5. SpecificationPattern", "5. SpecificationPattern", "{C9E57B21-25CC-4F58-9F60-4CB04866E602}"
EndProject
Project("{FAE04EC0-301F-11D3-BF4B-00C04F79EFBC}") = "ExemploGeral", "ExemploGeral\ExemploGeral.csproj", "{FD5D8B99-5F44-46C5-BA69-A2614FEE595E}"
EndProject
Global
	GlobalSection(SolutionConfigurationPlatforms) = preSolution
		Debug|Any CPU = Debug|Any CPU
		Release|Any CPU = Release|Any CPU
	EndGlobalSection
	GlobalSection(ProjectConfigurationPlatforms) = postSolution
		{54695C18-04D9-41BD-9437-655A7F1CEC78}.Debug|Any CPU.ActiveCfg = Debug|Any CPU
		{54695C18-04D9-41BD-9437-655A7F1CEC78}.Debug|Any CPU.Build.0 = Debug|Any CPU
		{54695C18-04D9-41BD-9437-655A7F1CEC78}.Release|Any CPU.ActiveCfg = Release|Any CPU
		{54695C18-04D9-41BD-9437-655A7F1CEC78}.Release|Any CPU.Build.0 = Release|Any CPU
		{C4A5788E-FC1F-4DB6-A6DA-3DF72CEE1715}.Debug|Any CPU.ActiveCfg = Debug|Any CPU
		{C4A5788E-FC1F-4DB6-A6DA-3DF72CEE1715}.Debug|Any CPU.Build.0 = Debug|Any CPU
		{C4A5788E-FC1F-4DB6-A6DA-3DF72CEE1715}.Release|Any CPU.ActiveCfg = Release|Any CPU
		{C4A5788E-FC1F-4DB6-A6DA-3DF72CEE1715}.Release|Any CPU.Build.0 = Release|Any CPU
		{529ECA44-A078-434E-BB2D-EBD8DF8C4038}.Debug|Any CPU.ActiveCfg = Debug|Any CPU
		{529ECA44-A078-434E-BB2D-EBD8DF8C4038}.Debug|Any CPU.Build.0 = Debug|Any CPU
		{529ECA44-A078-434E-BB2D-EBD8DF8C4038}.Release|Any CPU.ActiveCfg = Release|Any CPU
		{529ECA44-A078-434E-BB2D-EBD8DF8C4038}.Release|Any CPU.Build.0 = Release|Any CPU
		{D20F69BD-5C87-468A-A145-C92FDC50F82F}.Debug|Any CPU.ActiveCfg = Debug|Any CPU
		{D20F69BD-5C87-468A-A145-C92FDC50F82F}.Debug|Any CPU.Build.0 = Debug|Any CPU
		{D20F69BD-5C87-468A-A145-C92FDC50F82F}.Release|Any CPU.ActiveCfg = Release|Any CPU
		{D20F69BD-5C87-468A-A145-C92FDC50F82F}.Release|Any CPU.Build.0 = Release|Any CPU
		{105116EE-5F0C-405A-8910-0217A422CED0}.Debug|Any CPU.ActiveCfg = Debug|Any CPU
		{105116EE-5F0C-405A-8910-0217A422CED0}.Debug|Any CPU.Build.0 = Debug|Any CPU
		{105116EE-5F0C-405A-8910-0217A422CED0}.Release|Any CPU.ActiveCfg = Release|Any CPU
		{105116EE-5F0C-405A-8910-0217A422CED0}.Release|Any CPU.Build.0 = Release|Any CPU
		{A364C89A-3348-4379-B359-DA5138AB9C81}.Debug|Any CPU.ActiveCfg = Debug|Any CPU
		{A364C89A-3348-4379-B359-DA5138AB9C81}.Debug|Any CPU.Build.0 = Debug|Any CPU
		{A364C89A-3348-4379-B359-DA5138AB9C81}.Release|Any CPU.ActiveCfg = Release|Any CPU
		{A364C89A-3348-4379-B359-DA5138AB9C81}.Release|Any CPU.Build.0 = Release|Any CPU
		{36AA4FE9-2A3E-4B77-9081-760DB8E8E40C}.Debug|Any CPU.ActiveCfg = Debug|Any CPU
		{36AA4FE9-2A3E-4B77-9081-760DB8E8E40C}.Debug|Any CPU.Build.0 = Debug|Any CPU
		{36AA4FE9-2A3E-4B77-9081-760DB8E8E40C}.Release|Any CPU.ActiveCfg = Release|Any CPU
		{36AA4FE9-2A3E-4B77-9081-760DB8E8E40C}.Release|Any CPU.Build.0 = Release|Any CPU
		{0A5D1834-4D78-4B10-9376-0EA573361B09}.Debug|Any CPU.ActiveCfg = Debug|Any CPU
		{0A5D1834-4D78-4B10-9376-0EA573361B09}.Debug|Any CPU.Build.0 = Debug|Any CPU
		{0A5D1834-4D78-4B10-9376-0EA573361B09}.Release|Any CPU.ActiveCfg = Release|Any CPU
		{0A5D1834-4D78-4B10-9376-0EA573361B09}.Release|Any CPU.Build.0 = Release|Any CPU
		{F1047EE9-81B1-4C23-8C32-A6A7B2F76DF9}.Debug|Any CPU.ActiveCfg = Debug|Any CPU
		{F1047EE9-81B1-4C23-8C32-A6A7B2F76DF9}.Debug|Any CPU.Build.0 = Debug|Any CPU
		{F1047EE9-81B1-4C23-8C32-A6A7B2F76DF9}.Release|Any CPU.ActiveCfg = Release|Any CPU
		{F1047EE9-81B1-4C23-8C32-A6A7B2F76DF9}.Release|Any CPU.Build.0 = Release|Any CPU
		{545D5B71-3373-40A2-A778-7F09E7487336}.Debug|Any CPU.ActiveCfg = Debug|Any CPU
		{545D5B71-3373-40A2-A778-7F09E7487336}.Debug|Any CPU.Build.0 = Debug|Any CPU
		{545D5B71-3373-40A2-A778-7F09E7487336}.Release|Any CPU.ActiveCfg = Release|Any CPU
		{545D5B71-3373-40A2-A778-7F09E7487336}.Release|Any CPU.Build.0 = Release|Any CPU
		{768D8098-D494-45C7-ADFD-5A5400FD3655}.Debug|Any CPU.ActiveCfg = Debug|Any CPU
		{768D8098-D494-45C7-ADFD-5A5400FD3655}.Debug|Any CPU.Build.0 = Debug|Any CPU
		{768D8098-D494-45C7-ADFD-5A5400FD3655}.Release|Any CPU.ActiveCfg = Release|Any CPU
		{768D8098-D494-45C7-ADFD-5A5400FD3655}.Release|Any CPU.Build.0 = Release|Any CPU
		{F35C1F4F-2BCF-408F-A9AA-1853B9819D3B}.Debug|Any CPU.ActiveCfg = Debug|Any CPU
		{F35C1F4F-2BCF-408F-A9AA-1853B9819D3B}.Debug|Any CPU.Build.0 = Debug|Any CPU
		{F35C1F4F-2BCF-408F-A9AA-1853B9819D3B}.Release|Any CPU.ActiveCfg = Release|Any CPU
		{F35C1F4F-2BCF-408F-A9AA-1853B9819D3B}.Release|Any CPU.Build.0 = Release|Any CPU
		{0BB4859B-0447-42C9-89E1-46563C07A4C5}.Debug|Any CPU.ActiveCfg = Debug|Any CPU
		{0BB4859B-0447-42C9-89E1-46563C07A4C5}.Debug|Any CPU.Build.0 = Debug|Any CPU
		{0BB4859B-0447-42C9-89E1-46563C07A4C5}.Release|Any CPU.ActiveCfg = Release|Any CPU
		{0BB4859B-0447-42C9-89E1-46563C07A4C5}.Release|Any CPU.Build.0 = Release|Any CPU
		{71F24B3F-C690-4C70-A9B6-8ABBAAED40EE}.Debug|Any CPU.ActiveCfg = Debug|Any CPU
		{71F24B3F-C690-4C70-A9B6-8ABBAAED40EE}.Debug|Any CPU.Build.0 = Debug|Any CPU
		{71F24B3F-C690-4C70-A9B6-8ABBAAED40EE}.Release|Any CPU.ActiveCfg = Release|Any CPU
		{71F24B3F-C690-4C70-A9B6-8ABBAAED40EE}.Release|Any CPU.Build.0 = Release|Any CPU
		{960F6459-B8B6-4BDF-A4C0-20448BE24CF6}.Debug|Any CPU.ActiveCfg = Debug|Any CPU
		{960F6459-B8B6-4BDF-A4C0-20448BE24CF6}.Debug|Any CPU.Build.0 = Debug|Any CPU
		{960F6459-B8B6-4BDF-A4C0-20448BE24CF6}.Release|Any CPU.ActiveCfg = Release|Any CPU
		{960F6459-B8B6-4BDF-A4C0-20448BE24CF6}.Release|Any CPU.Build.0 = Release|Any CPU
		{FA8BAA34-6029-47F6-9E8D-CD2AF87D8185}.Debug|Any CPU.ActiveCfg = Debug|Any CPU
		{FA8BAA34-6029-47F6-9E8D-CD2AF87D8185}.Debug|Any CPU.Build.0 = Debug|Any CPU
		{FA8BAA34-6029-47F6-9E8D-CD2AF87D8185}.Release|Any CPU.ActiveCfg = Release|Any CPU
		{FA8BAA34-6029-47F6-9E8D-CD2AF87D8185}.Release|Any CPU.Build.0 = Release|Any CPU
		{4BFC70C1-A976-41A7-9496-0C136152D2F5}.Debug|Any CPU.ActiveCfg = Debug|Any CPU
		{4BFC70C1-A976-41A7-9496-0C136152D2F5}.Debug|Any CPU.Build.0 = Debug|Any CPU
		{4BFC70C1-A976-41A7-9496-0C136152D2F5}.Release|Any CPU.ActiveCfg = Release|Any CPU
		{4BFC70C1-A976-41A7-9496-0C136152D2F5}.Release|Any CPU.Build.0 = Release|Any CPU
		{5F0E142B-1D49-43FF-868A-8F5929B266D8}.Debug|Any CPU.ActiveCfg = Debug|Any CPU
		{5F0E142B-1D49-43FF-868A-8F5929B266D8}.Debug|Any CPU.Build.0 = Debug|Any CPU
		{5F0E142B-1D49-43FF-868A-8F5929B266D8}.Release|Any CPU.ActiveCfg = Release|Any CPU
		{5F0E142B-1D49-43FF-868A-8F5929B266D8}.Release|Any CPU.Build.0 = Release|Any CPU
		{BF81F722-4318-4825-8E51-A82A8A18A305}.Debug|Any CPU.ActiveCfg = Debug|Any CPU
		{BF81F722-4318-4825-8E51-A82A8A18A305}.Debug|Any CPU.Build.0 = Debug|Any CPU
		{BF81F722-4318-4825-8E51-A82A8A18A305}.Release|Any CPU.ActiveCfg = Release|Any CPU
		{BF81F722-4318-4825-8E51-A82A8A18A305}.Release|Any CPU.Build.0 = Release|Any CPU
		{3A74B31C-CDF1-45C7-ACED-D2FB0CA8E259}.Debug|Any CPU.ActiveCfg = Debug|Any CPU
		{3A74B31C-CDF1-45C7-ACED-D2FB0CA8E259}.Debug|Any CPU.Build.0 = Debug|Any CPU
		{3A74B31C-CDF1-45C7-ACED-D2FB0CA8E259}.Release|Any CPU.ActiveCfg = Release|Any CPU
		{3A74B31C-CDF1-45C7-ACED-D2FB0CA8E259}.Release|Any CPU.Build.0 = Release|Any CPU
		{948F6469-F6B7-41EA-B43B-262DA2971A0D}.Debug|Any CPU.ActiveCfg = Debug|Any CPU
		{948F6469-F6B7-41EA-B43B-262DA2971A0D}.Debug|Any CPU.Build.0 = Debug|Any CPU
		{948F6469-F6B7-41EA-B43B-262DA2971A0D}.Release|Any CPU.ActiveCfg = Release|Any CPU
		{948F6469-F6B7-41EA-B43B-262DA2971A0D}.Release|Any CPU.Build.0 = Release|Any CPU
		{870B8734-FA1F-4F4C-9861-803EBFB7777C}.Debug|Any CPU.ActiveCfg = Debug|Any CPU
		{870B8734-FA1F-4F4C-9861-803EBFB7777C}.Debug|Any CPU.Build.0 = Debug|Any CPU
		{870B8734-FA1F-4F4C-9861-803EBFB7777C}.Release|Any CPU.ActiveCfg = Release|Any CPU
		{870B8734-FA1F-4F4C-9861-803EBFB7777C}.Release|Any CPU.Build.0 = Release|Any CPU
		{DC2C1052-93E5-4988-A0E8-ABA3DECC7420}.Debug|Any CPU.ActiveCfg = Debug|Any CPU
		{DC2C1052-93E5-4988-A0E8-ABA3DECC7420}.Debug|Any CPU.Build.0 = Debug|Any CPU
		{DC2C1052-93E5-4988-A0E8-ABA3DECC7420}.Release|Any CPU.ActiveCfg = Release|Any CPU
		{DC2C1052-93E5-4988-A0E8-ABA3DECC7420}.Release|Any CPU.Build.0 = Release|Any CPU
		{FD5D8B99-5F44-46C5-BA69-A2614FEE595E}.Debug|Any CPU.ActiveCfg = Debug|Any CPU
		{FD5D8B99-5F44-46C5-BA69-A2614FEE595E}.Debug|Any CPU.Build.0 = Debug|Any CPU
		{FD5D8B99-5F44-46C5-BA69-A2614FEE595E}.Release|Any CPU.ActiveCfg = Release|Any CPU
		{FD5D8B99-5F44-46C5-BA69-A2614FEE595E}.Release|Any CPU.Build.0 = Release|Any CPU
	EndGlobalSection
	GlobalSection(SolutionProperties) = preSolution
		HideSolutionNode = FALSE
	EndGlobalSection
	GlobalSection(NestedProjects) = preSolution
		{54695C18-04D9-41BD-9437-655A7F1CEC78} = {B7C88F3B-F9B8-4F7D-8637-20CB21403083}
		{C4A5788E-FC1F-4DB6-A6DA-3DF72CEE1715} = {8FD0FE2D-09B9-4E6E-A8FA-9CF7165CF42F}
		{529ECA44-A078-434E-BB2D-EBD8DF8C4038} = {8FD0FE2D-09B9-4E6E-A8FA-9CF7165CF42F}
		{D20F69BD-5C87-468A-A145-C92FDC50F82F} = {8FD0FE2D-09B9-4E6E-A8FA-9CF7165CF42F}
		{105116EE-5F0C-405A-8910-0217A422CED0} = {8FD0FE2D-09B9-4E6E-A8FA-9CF7165CF42F}
		{A364C89A-3348-4379-B359-DA5138AB9C81} = {F6583350-20FF-4958-A9BF-A61D831BEBB0}
		{36AA4FE9-2A3E-4B77-9081-760DB8E8E40C} = {F6583350-20FF-4958-A9BF-A61D831BEBB0}
		{0A5D1834-4D78-4B10-9376-0EA573361B09} = {F6583350-20FF-4958-A9BF-A61D831BEBB0}
		{F1047EE9-81B1-4C23-8C32-A6A7B2F76DF9} = {F6583350-20FF-4958-A9BF-A61D831BEBB0}
		{545D5B71-3373-40A2-A778-7F09E7487336} = {F6583350-20FF-4958-A9BF-A61D831BEBB0}
		{15B38B89-4919-4F01-B037-AF6895FB606D} = {9CA1FA5B-131C-479E-9C21-C093D8002BF0}
		{768D8098-D494-45C7-ADFD-5A5400FD3655} = {15B38B89-4919-4F01-B037-AF6895FB606D}
		{F35C1F4F-2BCF-408F-A9AA-1853B9819D3B} = {15B38B89-4919-4F01-B037-AF6895FB606D}
		{0BB4859B-0447-42C9-89E1-46563C07A4C5} = {15B38B89-4919-4F01-B037-AF6895FB606D}
		{71F24B3F-C690-4C70-A9B6-8ABBAAED40EE} = {15B38B89-4919-4F01-B037-AF6895FB606D}
		{960F6459-B8B6-4BDF-A4C0-20448BE24CF6} = {15B38B89-4919-4F01-B037-AF6895FB606D}
		{9F9148B5-2205-4EC9-B30B-98FF8FCB334D} = {9CA1FA5B-131C-479E-9C21-C093D8002BF0}
		{FA8BAA34-6029-47F6-9E8D-CD2AF87D8185} = {9F9148B5-2205-4EC9-B30B-98FF8FCB334D}
		{4BFC70C1-A976-41A7-9496-0C136152D2F5} = {9F9148B5-2205-4EC9-B30B-98FF8FCB334D}
		{5F0E142B-1D49-43FF-868A-8F5929B266D8} = {9F9148B5-2205-4EC9-B30B-98FF8FCB334D}
		{BF81F722-4318-4825-8E51-A82A8A18A305} = {9F9148B5-2205-4EC9-B30B-98FF8FCB334D}
		{A171FC24-DD12-4B35-94ED-376EC93C7BE7} = {9CA1FA5B-131C-479E-9C21-C093D8002BF0}
		{3A74B31C-CDF1-45C7-ACED-D2FB0CA8E259} = {A171FC24-DD12-4B35-94ED-376EC93C7BE7}
		{948F6469-F6B7-41EA-B43B-262DA2971A0D} = {A171FC24-DD12-4B35-94ED-376EC93C7BE7}
		{870B8734-FA1F-4F4C-9861-803EBFB7777C} = {A171FC24-DD12-4B35-94ED-376EC93C7BE7}
		{DC2C1052-93E5-4988-A0E8-ABA3DECC7420} = {A171FC24-DD12-4B35-94ED-376EC93C7BE7}
		{FD5D8B99-5F44-46C5-BA69-A2614FEE595E} = {C9E57B21-25CC-4F58-9F60-4CB04866E602}
	EndGlobalSection
EndGlobal
